
Microsoft Visual Studio Solution File, Format Version 12.00
# Visual Studio 2012
Global
	GlobalSection(SolutionProperties) = preSolution
		HideSolutionNode = FALSE
	EndGlobalSection
	GlobalSection(ExtensibilityGlobals) = postSolution
		SolutionGuid = {89333DD7-9600-4223-9524-429C09F6960D}
	EndGlobalSection
EndGlobal
